
Microsoft Visual Studio Solution File, Format Version 12.00
# Visual Studio Version 17
VisualStudioVersion = 17.4.33205.214
MinimumVisualStudioVersion = 10.0.40219.1
Project("{FAE04EC0-301F-11D3-BF4B-00C04F79EFBC}") = "Operator_Rounds_Management_System", "Operator_Rounds_Management_System\Operator_Rounds_Management_System.csproj", "{7F4AA3A4-A120-47CB-8721-4229F6AD8C06}"
EndProject
Global
	GlobalSection(SolutionConfigurationPlatforms) = preSolution
		Debug|Any CPU = Debug|Any CPU
		Release|Any CPU = Release|Any CPU
	EndGlobalSection
	GlobalSection(ProjectConfigurationPlatforms) = postSolution
		{7F4AA3A4-A120-47CB-8721-4229F6AD8C06}.Debug|Any CPU.ActiveCfg = Debug|Any CPU
		{7F4AA3A4-A120-47CB-8721-4229F6AD8C06}.Debug|Any CPU.Build.0 = Debug|Any CPU
		{7F4AA3A4-A120-47CB-8721-4229F6AD8C06}.Release|Any CPU.ActiveCfg = Release|Any CPU
		{7F4AA3A4-A120-47CB-8721-4229F6AD8C06}.Release|Any CPU.Build.0 = Release|Any CPU
	EndGlobalSection
	GlobalSection(SolutionProperties) = preSolution
		HideSolutionNode = FALSE
	EndGlobalSection
	GlobalSection(ExtensibilityGlobals) = postSolution
		SolutionGuid = {1C330B47-BBDE-4E91-A084-39EECEB2BFFF}
	EndGlobalSection
EndGlobal
